
Microsoft Visual Studio Solution File, Format Version 12.00
# Visual Studio Version 17
VisualStudioVersion = 17.6.33815.320
MinimumVisualStudioVersion = 10.0.40219.1
Project("{FAE04EC0-301F-11D3-BF4B-00C04F79EFBC}") = "Presentacion", "Presentacion\Presentacion.csproj", "{81F7BD95-D6CC-4FA8-A3B8-A9806F5E752A}"
EndProject
Project("{FAE04EC0-301F-11D3-BF4B-00C04F79EFBC}") = "BLL", "BLL\BLL.csproj", "{915D409E-2988-4588-A6A8-72D1F07337E9}"
EndProject
Project("{FAE04EC0-301F-11D3-BF4B-00C04F79EFBC}") = "DAL", "DAL\DAL.csproj", "{64419F7F-7ED8-469F-ACD2-BD2D03F686F6}"
EndProject
Project("{FAE04EC0-301F-11D3-BF4B-00C04F79EFBC}") = "Entity", "Entity\Entity.csproj", "{183F35F5-E52B-4898-91DC-50175972EF12}"
EndProject
Global
	GlobalSection(SolutionConfigurationPlatforms) = preSolution
		Debug|Any CPU = Debug|Any CPU
		Release|Any CPU = Release|Any CPU
	EndGlobalSection
	GlobalSection(ProjectConfigurationPlatforms) = postSolution
		{81F7BD95-D6CC-4FA8-A3B8-A9806F5E752A}.Debug|Any CPU.ActiveCfg = Debug|Any CPU
		{81F7BD95-D6CC-4FA8-A3B8-A9806F5E752A}.Debug|Any CPU.Build.0 = Debug|Any CPU
		{81F7BD95-D6CC-4FA8-A3B8-A9806F5E752A}.Release|Any CPU.ActiveCfg = Release|Any CPU
		{81F7BD95-D6CC-4FA8-A3B8-A9806F5E752A}.Release|Any CPU.Build.0 = Release|Any CPU
		{915D409E-2988-4588-A6A8-72D1F07337E9}.Debug|Any CPU.ActiveCfg = Debug|Any CPU
		{915D409E-2988-4588-A6A8-72D1F07337E9}.Debug|Any CPU.Build.0 = Debug|Any CPU
		{915D409E-2988-4588-A6A8-72D1F07337E9}.Release|Any CPU.ActiveCfg = Release|Any CPU
		{915D409E-2988-4588-A6A8-72D1F07337E9}.Release|Any CPU.Build.0 = Release|Any CPU
		{64419F7F-7ED8-469F-ACD2-BD2D03F686F6}.Debug|Any CPU.ActiveCfg = Debug|Any CPU
		{64419F7F-7ED8-469F-ACD2-BD2D03F686F6}.Debug|Any CPU.Build.0 = Debug|Any CPU
		{64419F7F-7ED8-469F-ACD2-BD2D03F686F6}.Release|Any CPU.ActiveCfg = Release|Any CPU
		{64419F7F-7ED8-469F-ACD2-BD2D03F686F6}.Release|Any CPU.Build.0 = Release|Any CPU
		{183F35F5-E52B-4898-91DC-50175972EF12}.Debug|Any CPU.ActiveCfg = Debug|Any CPU
		{183F35F5-E52B-4898-91DC-50175972EF12}.Debug|Any CPU.Build.0 = Debug|Any CPU
		{183F35F5-E52B-4898-91DC-50175972EF12}.Release|Any CPU.ActiveCfg = Release|Any CPU
		{183F35F5-E52B-4898-91DC-50175972EF12}.Release|Any CPU.Build.0 = Release|Any CPU
	EndGlobalSection
	GlobalSection(SolutionProperties) = preSolution
		HideSolutionNode = FALSE
	EndGlobalSection
	GlobalSection(ExtensibilityGlobals) = postSolution
		SolutionGuid = {C168B73F-62A2-47E3-BCF4-27CFF457233D}
	EndGlobalSection
EndGlobal
